Microsoft Visual Studio Solution File, Format Version 12.00
# Visual Studio Version 17
VisualStudioVersion = 17.10.35027.167
MinimumVisualStudioVersion = 10.0.40219.1
Project("{FAE04EC0-301F-11D3-BF4B-00C04F79EFBC}") = "Assignment7", "Assignment7.csproj", "{8666F0B0-00A0-4548-A283-DE2195600665}"
EndProject
Global
	GlobalSection(ExtensibilityGlobals) = postSolution
		SolutionGuid = {D05542FA-9920-4DDD-9EEF-0F41FCF4E089}
	EndGlobalSection
	GlobalSection(ProjectConfigurationPlatforms) = postSolution
		{8666F0B0-00A0-4548-A283-DE2195600665}.Debug|Any CPU.ActiveCfg = Debug|Any CPU
		{8666F0B0-00A0-4548-A283-DE2195600665}.Debug|Any CPU.Build.0 = Debug|Any CPU
		{8666F0B0-00A0-4548-A283-DE2195600665}.Release|Any CPU.ActiveCfg = Release|Any CPU
		{8666F0B0-00A0-4548-A283-DE2195600665}.Release|Any CPU.Build.0 = Release|Any CPU
	EndGlobalSection
	GlobalSection(SolutionConfigurationPlatforms) = preSolution
		Debug|Any CPU = Debug|Any CPU
		Release|Any CPU = Release|Any CPU
	EndGlobalSection
	GlobalSection(SolutionProperties) = preSolution
		HideSolutionNode = FALSE
	EndGlobalSection
EndGlobal
